// !$*UTF8*$!
{
	archiveVersion = 1;
	classes = {
	};
	objectVersion = 77;
	objects = {

/* Begin PBXBuildFile section */
		EC64DEAE2D06FBF9009E2639 /* SnapKit in Frameworks */ = {isa = PBXBuildFile; productRef = EC64DEAD2D06FBF9009E2639 /* SnapKit */; };
		EC64DF562D091AD5009E2639 /* LaunchScreen.storyboard in Resources */ = {isa = PBXBuildFile; fileRef = EC64DF4C2D091AD5009E2639 /* LaunchScreen.storyboard */; };
		EC64DF572D091AD5009E2639 /* Assets.xcassets in Resources */ = {isa = PBXBuildFile; fileRef = EC64DF492D091AD5009E2639 /* Assets.xcassets */; };
		EC64DF582D091AD5009E2639 /* PhoneBookViewController.swift in Sources */ = {isa = PBXBuildFile; fileRef = EC64DF4D2D091AD5009E2639 /* PhoneBookViewController.swift */; };
		EC64DF592D091AD5009E2639 /* AppDelegate.swift in Sources */ = {isa = PBXBuildFile; fileRef = EC64DF482D091AD5009E2639 /* AppDelegate.swift */; };
		EC64DF5A2D091AD5009E2639 /* SceneDelegate.swift in Sources */ = {isa = PBXBuildFile; fileRef = EC64DF4F2D091AD5009E2639 /* SceneDelegate.swift */; };
		EC64DF5B2D091AD5009E2639 /* ViewController.swift in Sources */ = {isa = PBXBuildFile; fileRef = EC64DF512D091AD5009E2639 /* ViewController.swift */; };
		EC64DF5C2D091AD5009E2639 /* TableViewCell.swift in Sources */ = {isa = PBXBuildFile; fileRef = EC64DF502D091AD5009E2639 /* TableViewCell.swift */; };
/* End PBXBuildFile section */

/* Begin PBXFileReference section */
		EC64DE942D06FBD6009E2639 /* Pokemon Telephone Book.app */ = {isa = PBXFileReference; explicitFileType = wrapper.application; includeInIndex = 0; path = "Pokemon Telephone Book.app"; sourceTree = BUILT_PRODUCTS_DIR; };
		EC64DF462D091AD5009E2639 /* README.md */ = {isa = PBXFileReference; lastKnownFileType = net.daringfireball.markdown; path = README.md; sourceTree = "<group>"; };
		EC64DF482D091AD5009E2639 /* AppDelegate.swift */ = {isa = PBXFileReference; lastKnownFileType = sourcecode.swift; path = AppDelegate.swift; sourceTree = "<group>"; };
		EC64DF492D091AD5009E2639 /* Assets.xcassets */ = {isa = PBXFileReference; lastKnownFileType = folder.assetcatalog; path = Assets.xcassets; sourceTree = "<group>"; };
		EC64DF4A2D091AD5009E2639 /* Info.plist */ = {isa = PBXFileReference; lastKnownFileType = text.plist.xml; path = Info.plist; sourceTree = "<group>"; };
		EC64DF4B2D091AD5009E2639 /* Base */ = {isa = PBXFileReference; lastKnownFileType = file.storyboard; name = Base; path = Base.lproj/LaunchScreen.storyboard; sourceTree = "<group>"; };
		EC64DF4D2D091AD5009E2639 /* PhoneBookViewController.swift */ = {isa = PBXFileReference; lastKnownFileType = sourcecode.swift; path = PhoneBookViewController.swift; sourceTree = "<group>"; };
		EC64DF4E2D091AD5009E2639 /* README.md */ = {isa = PBXFileReference; lastKnownFileType = net.daringfireball.markdown; path = README.md; sourceTree = "<group>"; };
		EC64DF4F2D091AD5009E2639 /* SceneDelegate.swift */ = {isa = PBXFileReference; lastKnownFileType = sourcecode.swift; path = SceneDelegate.swift; sourceTree = "<group>"; };
		EC64DF502D091AD5009E2639 /* TableViewCell.swift */ = {isa = PBXFileReference; lastKnownFileType = sourcecode.swift; path = TableViewCell.swift; sourceTree = "<group>"; };
		EC64DF512D091AD5009E2639 /* ViewController.swift */ = {isa = PBXFileReference; lastKnownFileType = sourcecode.swift; path = ViewController.swift; sourceTree = "<group>"; };
/* End PBXFileReference section */

/* Begin PBXFrameworksBuildPhase section */
		EC64DE912D06FBD6009E2639 /* Frameworks */ = {
			isa = PBXFrameworksBuildPhase;
			buildActionMask = 2147483647;
			files = (
				EC64DEAE2D06FBF9009E2639 /* SnapKit in Frameworks */,
			);
			runOnlyForDeploymentPostprocessing = 0;
		};
/* End PBXFrameworksBuildPhase section */

/* Begin PBXGroup section */
		EC64DE8B2D06FBD6009E2639 = {
			isa = PBXGroup;
			children = (
				EC64DE952D06FBD6009E2639 /* Products */,
				EC64DF522D091AD5009E2639 /* PokemonTelephoneBook */,
			);
			sourceTree = "<group>";
		};
		EC64DE952D06FBD6009E2639 /* Products */ = {
			isa = PBXGroup;
			children = (
				EC64DE942D06FBD6009E2639 /* Pokemon Telephone Book.app */,
			);
			name = Products;
			sourceTree = "<group>";
		};
		EC64DF472D091AD5009E2639 /* Pokemon-Telephone-Book */ = {
			isa = PBXGroup;
			children = (
				EC64DF462D091AD5009E2639 /* README.md */,
			);
			path = "Pokemon-Telephone-Book";
			sourceTree = "<group>";
		};
		EC64DF522D091AD5009E2639 /* PokemonTelephoneBook */ = {
			isa = PBXGroup;
			children = (
				EC64DF472D091AD5009E2639 /* Pokemon-Telephone-Book */,
				EC64DF482D091AD5009E2639 /* AppDelegate.swift */,
				EC64DF492D091AD5009E2639 /* Assets.xcassets */,
				EC64DF4A2D091AD5009E2639 /* Info.plist */,
				EC64DF4C2D091AD5009E2639 /* LaunchScreen.storyboard */,
				EC64DF4D2D091AD5009E2639 /* PhoneBookViewController.swift */,
				EC64DF4E2D091AD5009E2639 /* README.md */,
				EC64DF4F2D091AD5009E2639 /* SceneDelegate.swift */,
				EC64DF502D091AD5009E2639 /* TableViewCell.swift */,
				EC64DF512D091AD5009E2639 /* ViewController.swift */,
			);
			path = PokemonTelephoneBook;
			sourceTree = "<group>";
		};
/* End PBXGroup section */

/* Begin PBXNativeTarget section */
		EC64DE932D06FBD6009E2639 /* Pokemon Telephone Book */ = {
			isa = PBXNativeTarget;
			buildConfigurationList = EC64DEA72D06FBD7009E2639 /* Build configuration list for PBXNativeTarget "Pokemon Telephone Book" */;
			buildPhases = (
				EC64DE902D06FBD6009E2639 /* Sources */,
				EC64DE912D06FBD6009E2639 /* Frameworks */,
				EC64DE922D06FBD6009E2639 /* Resources */,
			);
			buildRules = (
			);
			dependencies = (
			);
			name = "Pokemon Telephone Book";
			packageProductDependencies = (
				EC64DEAD2D06FBF9009E2639 /* SnapKit */,
			);
			productName = "Pokemon Telephone Book";
			productReference = EC64DE942D06FBD6009E2639 /* Pokemon Telephone Book.app */;
			productType = "com.apple.product-type.application";
		};
/* End PBXNativeTarget section */

/* Begin PBXProject section */
		EC64DE8C2D06FBD6009E2639 /* Project object */ = {
			isa = PBXProject;
			attributes = {
				BuildIndependentTargetsInParallel = 1;
				LastSwiftUpdateCheck = 1610;
				LastUpgradeCheck = 1610;
				TargetAttributes = {
					EC64DE932D06FBD6009E2639 = {
						CreatedOnToolsVersion = 16.1;
					};
				};
			};
			buildConfigurationList = EC64DE8F2D06FBD6009E2639 /* Build configuration list for PBXProject "PokemonTelephoneBook" */;
			developmentRegion = en;
			hasScannedForEncodings = 0;
			knownRegions = (
				en,
				Base,
			);
			mainGroup = EC64DE8B2D06FBD6009E2639;
			minimizedProjectReferenceProxies = 1;
			packageReferences = (
				EC64DEAC2D06FBF9009E2639 /* XCRemoteSwiftPackageReference "SnapKit" */,
			);
			preferredProjectObjectVersion = 77;
			productRefGroup = EC64DE952D06FBD6009E2639 /* Products */;
			projectDirPath = "";
			projectRoot = "";
			targets = (
				EC64DE932D06FBD6009E2639 /* Pokemon Telephone Book */,
			);
		};
/* End PBXProject section */

/* Begin PBXResourcesBuildPhase section */
		EC64DE922D06FBD6009E2639 /* Resources */ = {
			isa = PBXResourcesBuildPhase;
			buildActionMask = 2147483647;
			files = (
				EC64DF562D091AD5009E2639 /* LaunchScreen.storyboard in Resources */,
				EC64DF572D091AD5009E2639 /* Assets.xcassets in Resources */,
			);
			runOnlyForDeploymentPostprocessing = 0;
		};
/* End PBXResourcesBuildPhase section */

/* Begin PBXSourcesBuildPhase section */
		EC64DE902D06FBD6009E2639 /* Sources */ = {
			isa = PBXSourcesBuildPhase;
			buildActionMask = 2147483647;
			files = (
				EC64DF582D091AD5009E2639 /* PhoneBookViewController.swift in Sources */,
				EC64DF592D091AD5009E2639 /* AppDelegate.swift in Sources */,
				EC64DF5A2D091AD5009E2639 /* SceneDelegate.swift in Sources */,
				EC64DF5B2D091AD5009E2639 /* ViewController.swift in Sources */,
				EC64DF5C2D091AD5009E2639 /* TableViewCell.swift in Sources */,
			);
			runOnlyForDeploymentPostprocessing = 0;
		};
/* End PBXSourcesBuildPhase section */

/* Begin PBXVariantGroup section */
		EC64DF4C2D091AD5009E2639 /* LaunchScreen.storyboard */ = {
			isa = PBXVariantGroup;
			children = (
				EC64DF4B2D091AD5009E2639 /* Base */,
			);
			name = LaunchScreen.storyboard;
			sourceTree = "<group>";
		};
/* End PBXVariantGroup section */

/* Begin XCBuildConfiguration section */
		EC64DEA82D06FBD7009E2639 /* Debug */ = {
			isa = XCBuildConfiguration;
			buildSettings = {
				ASSETCATALOG_COMPILER_APPICON_NAME = AppIcon;
				ASSETCATALOG_COMPILER_GLOBAL_ACCENT_COLOR_NAME = AccentColor;
				CODE_SIGN_STYLE = Automatic;
				CURRENT_PROJECT_VERSION = 1;
				GENERATE_INFOPLIST_FILE = YES;
				INFOPLIST_FILE = PokemonTelephoneBook/Info.plist;
				INFOPLIST_KEY_UIApplicationSupportsIndirectInputEvents = YES;
				INFOPLIST_KEY_UILaunchStoryboardName = LaunchScreen;
				INFOPLIST_KEY_UISupportedInterfaceOrientations_iPad = "UIInterfaceOrientationLandscapeLeft UIInterfaceOrientationLandscapeRight UIInterfaceOrientationPortrait UIInterfaceOrientationPortraitUpsideDown";
				LD_RUNPATH_SEARCH_PATHS = (
					"$(inherited)",
					"@executable_path/Frameworks",
				);
				MARKETING_VERSION = 1.0;
				PRODUCT_BUNDLE_IDENTIFIER = "com.jimin.Pokemon-Telephone-Book";
				PRODUCT_NAME = "$(TARGET_NAME)";
				SUPPORTED_PLATFORMS = "iphoneos iphonesimulator";
				SUPPORTS_MACCATALYST = NO;
				SUPPORTS_MAC_DESIGNED_FOR_IPHONE_IPAD = NO;
				SUPPORTS_XR_DESIGNED_FOR_IPHONE_IPAD = NO;
				SWIFT_EMIT_LOC_STRINGS = YES;
				SWIFT_VERSION = 5.0;
				TARGETED_DEVICE_FAMILY = 1;
			};
			name = Debug;
		};
		EC64DEA92D06FBD7009E2639 /* Release */ = {
			isa = XCBuildConfiguration;
			buildSettings = {
				ASSETCATALOG_COMPILER_APPICON_NAME = AppIcon;
				ASSETCATALOG_COMPILER_GLOBAL_ACCENT_COLOR_NAME = AccentColor;
				CODE_SIGN_STYLE = Automatic;
				CURRENT_PROJECT_VERSION = 1;
				GENERATE_INFOPLIST_FILE = YES;
				INFOPLIST_FILE = PokemonTelephoneBook/Info.plist;
				INFOPLIST_KEY_UIApplicationSupportsIndirectInputEvents = YES;
				INFOPLIST_KEY_UILaunchStoryboardName = LaunchScreen;
				INFOPLIST_KEY_UISupportedInterfaceOrientations_iPad = "UIInterfaceOrientationLandscapeLeft UIInterfaceOrientationLandscapeRight UIInterfaceOrientationPortrait UIInterfaceOrientationPortraitUpsideDown";
				LD_RUNPATH_SEARCH_PATHS = (
					"$(inherited)",
					"@executable_path/Frameworks",
				);
				MARKETING_VERSION = 1.0;
				PRODUCT_BUNDLE_IDENTIFIER = "com.jimin.Pokemon-Telephone-Book";
				PRODUCT_NAME = "$(TARGET_NAME)";
				SUPPORTED_PLATFORMS = "iphoneos iphonesimulator";
				SUPPORTS_MACCATALYST = NO;
				SUPPORTS_MAC_DESIGNED_FOR_IPHONE_IPAD = NO;
				SUPPORTS_XR_DESIGNED_FOR_IPHONE_IPAD = NO;
				SWIFT_EMIT_LOC_STRINGS = YES;
				SWIFT_VERSION = 5.0;
				TARGETED_DEVICE_FAMILY = 1;
			};
			name = Release;
		};
		EC64DEAA2D06FBD7009E2639 /* Debug */ = {
			isa = XCBuildConfiguration;
			buildSettings = {
				ALWAYS_SEARCH_USER_PATHS = NO;
				ASSETCATALOG_COMPILER_GENERATE_SWIFT_ASSET_SYMBOL_EXTENSIONS = YES;
				CLANG_ANALYZER_NONNULL = YES;
				CLANG_ANALYZER_NUMBER_OBJECT_CONVERSION = YES_AGGRESSIVE;
				CLANG_CXX_LANGUAGE_STANDARD = "gnu++20";
				CLANG_ENABLE_MODULES = YES;
				CLANG_ENABLE_OBJC_ARC = YES;
				CLANG_ENABLE_OBJC_WEAK = YES;
				CLANG_WARN_BLOCK_CAPTURE_AUTORELEASING = YES;
				CLANG_WARN_BOOL_CONVERSION = YES;
				CLANG_WARN_COMMA = YES;
				CLANG_WARN_CONSTANT_CONVERSION = YES;
				CLANG_WARN_DEPRECATED_OBJC_IMPLEMENTATIONS = YES;
				CLANG_WARN_DIRECT_OBJC_ISA_USAGE = YES_ERROR;
				CLANG_WARN_DOCUMENTATION_COMMENTS = YES;
				CLANG_WARN_EMPTY_BODY = YES;
				CLANG_WARN_ENUM_CONVERSION = YES;
				CLANG_WARN_INFINITE_RECURSION = YES;
				CLANG_WARN_INT_CONVERSION = YES;
				CLANG_WARN_NON_LITERAL_NULL_CONVERSION = YES;
				CLANG_WARN_OBJC_IMPLICIT_RETAIN_SELF = YES;
				CLANG_WARN_OBJC_LITERAL_CONVERSION = YES;
				CLANG_WARN_OBJC_ROOT_CLASS = YES_ERROR;
				CLANG_WARN_QUOTED_INCLUDE_IN_FRAMEWORK_HEADER = YES;
				CLANG_WARN_RANGE_LOOP_ANALYSIS = YES;
				CLANG_WARN_STRICT_PROTOTYPES = YES;
				CLANG_WARN_SUSPICIOUS_MOVE = YES;
				CLANG_WARN_UNGUARDED_AVAILABILITY = YES_AGGRESSIVE;
				CLANG_WARN_UNREACHABLE_CODE = YES;
				CLANG_WARN__DUPLICATE_METHOD_MATCH = YES;
				COPY_PHASE_STRIP = NO;
				DEBUG_INFORMATION_FORMAT = dwarf;
				ENABLE_STRICT_OBJC_MSGSEND = YES;
				ENABLE_TESTABILITY = YES;
				ENABLE_USER_SCRIPT_SANDBOXING = YES;
				GCC_C_LANGUAGE_STANDARD = gnu17;
				GCC_DYNAMIC_NO_PIC = NO;
				GCC_NO_COMMON_BLOCKS = YES;
				GCC_OPTIMIZATION_LEVEL = 0;
				GCC_PREPROCESSOR_DEFINITIONS = (
					"DEBUG=1",
					"$(inherited)",
				);
				GCC_WARN_64_TO_32_BIT_CONVERSION = YES;
				GCC_WARN_ABOUT_RETURN_TYPE = YES_ERROR;
				GCC_WARN_UNDECLARED_SELECTOR = YES;
				GCC_WARN_UNINITIALIZED_AUTOS = YES_AGGRESSIVE;
				GCC_WARN_UNUSED_FUNCTION = YES;
				GCC_WARN_UNUSED_VARIABLE = YES;
				IPHONEOS_DEPLOYMENT_TARGET = 18.1;
				LOCALIZATION_PREFERS_STRING_CATALOGS = YES;
				MTL_ENABLE_DEBUG_INFO = INCLUDE_SOURCE;
				MTL_FAST_MATH = YES;
				ONLY_ACTIVE_ARCH = YES;
				SDKROOT = iphoneos;
				SWIFT_ACTIVE_COMPILATION_CONDITIONS = "DEBUG $(inherited)";
				SWIFT_OPTIMIZATION_LEVEL = "-Onone";
			};
			name = Debug;
		};
		EC64DEAB2D06FBD7009E2639 /* Release */ = {
			isa = XCBuildConfiguration;
			buildSettings = {
				ALWAYS_SEARCH_USER_PATHS = NO;
				ASSETCATALOG_COMPILER_GENERATE_SWIFT_ASSET_SYMBOL_EXTENSIONS = YES;
				CLANG_ANALYZER_NONNULL = YES;
				CLANG_ANALYZER_NUMBER_OBJECT_CONVERSION = YES_AGGRESSIVE;
				CLANG_CXX_LANGUAGE_STANDARD = "gnu++20";
				CLANG_ENABLE_MODULES = YES;
				CLANG_ENABLE_OBJC_ARC = YES;
				CLANG_ENABLE_OBJC_WEAK = YES;
				CLANG_WARN_BLOCK_CAPTURE_AUTORELEASING = YES;
				CLANG_WARN_BOOL_CONVERSION = YES;
				CLANG_WARN_COMMA = YES;
				CLANG_WARN_CONSTANT_CONVERSION = YES;
				CLANG_WARN_DEPRECATED_OBJC_IMPLEMENTATIONS = YES;
				CLANG_WARN_DIRECT_OBJC_ISA_USAGE = YES_ERROR;
				CLANG_WARN_DOCUMENTATION_COMMENTS = YES;
				CLANG_WARN_EMPTY_BODY = YES;
				CLANG_WARN_ENUM_CONVERSION = YES;
				CLANG_WARN_INFINITE_RECURSION = YES;
				CLANG_WARN_INT_CONVERSION = YES;
				CLANG_WARN_NON_LITERAL_NULL_CONVERSION = YES;
				CLANG_WARN_OBJC_IMPLICIT_RETAIN_SELF = YES;
				CLANG_WARN_OBJC_LITERAL_CONVERSION = YES;
				CLANG_WARN_OBJC_ROOT_CLASS = YES_ERROR;
				CLANG_WARN_QUOTED_INCLUDE_IN_FRAMEWORK_HEADER = YES;
				CLANG_WARN_RANGE_LOOP_ANALYSIS = YES;
				CLANG_WARN_STRICT_PROTOTYPES = YES;
				CLANG_WARN_SUSPICIOUS_MOVE = YES;
				CLANG_WARN_UNGUARDED_AVAILABILITY = YES_AGGRESSIVE;
				CLANG_WARN_UNREACHABLE_CODE = YES;
				CLANG_WARN__DUPLICATE_METHOD_MATCH = YES;
				COPY_PHASE_STRIP = NO;
				DEBUG_INFORMATION_FORMAT = "dwarf-with-dsym";
				ENABLE_NS_ASSERTIONS = NO;
				ENABLE_STRICT_OBJC_MSGSEND = YES;
				ENABLE_USER_SCRIPT_SANDBOXING = YES;
				GCC_C_LANGUAGE_STANDARD = gnu17;
				GCC_NO_COMMON_BLOCKS = YES;
				GCC_WARN_64_TO_32_BIT_CONVERSION = YES;
				GCC_WARN_ABOUT_RETURN_TYPE = YES_ERROR;
				GCC_WARN_UNDECLARED_SELECTOR = YES;
				GCC_WARN_UNINITIALIZED_AUTOS = YES_AGGRESSIVE;
				GCC_WARN_UNUSED_FUNCTION = YES;
				GCC_WARN_UNUSED_VARIABLE = YES;
				IPHONEOS_DEPLOYMENT_TARGET = 18.1;
				LOCALIZATION_PREFERS_STRING_CATALOGS = YES;
				MTL_ENABLE_DEBUG_INFO = NO;
				MTL_FAST_MATH = YES;
				SDKROOT = iphoneos;
				SWIFT_COMPILATION_MODE = wholemodule;
				VALIDATE_PRODUCT = YES;
			};
			name = Release;
		};
/* End XCBuildConfiguration section */

/* Begin XCConfigurationList section */
		EC64DE8F2D06FBD6009E2639 /* Build configuration list for PBXProject "PokemonTelephoneBook" */ = {
			isa = XCConfigurationList;
			buildConfigurations = (
				EC64DEAA2D06FBD7009E2639 /* Debug */,
				EC64DEAB2D06FBD7009E2639 /* Release */,
			);
			defaultConfigurationIsVisible = 0;
			defaultConfigurationName = Release;
		};
		EC64DEA72D06FBD7009E2639 /* Build configuration list for PBXNativeTarget "Pokemon Telephone Book" */ = {
			isa = XCConfigurationList;
			buildConfigurations = (
				EC64DEA82D06FBD7009E2639 /* Debug */,
				EC64DEA92D06FBD7009E2639 /* Release */,
			);
			defaultConfigurationIsVisible = 0;
			defaultConfigurationName = Release;
		};
/* End XCConfigurationList section */

/* Begin XCRemoteSwiftPackageReference section */
		EC64DEAC2D06FBF9009E2639 /* XCRemoteSwiftPackageReference "SnapKit" */ = {
			isa = XCRemoteSwiftPackageReference;
			repositoryURL = "https://github.com/SnapKit/SnapKit.git";
			requirement = {
				kind = upToNextMajorVersion;
				minimumVersion = 5.7.1;
			};
		};
/* End XCRemoteSwiftPackageReference section */

/* Begin XCSwiftPackageProductDependency section */
		EC64DEAD2D06FBF9009E2639 /* SnapKit */ = {
			isa = XCSwiftPackageProductDependency;
			package = EC64DEAC2D06FBF9009E2639 /* XCRemoteSwiftPackageReference "SnapKit" */;
			productName = SnapKit;
		};
/* End XCSwiftPackageProductDependency section */
	};
	rootObject = EC64DE8C2D06FBD6009E2639 /* Project object */;
}
